// !$*UTF8*$!
{
	archiveVersion = 1;
	classes = {
	};
	objectVersion = 46;
	objects = {

/* Begin PBXBuildFile section */
		A50ED5311AB596DB00E8973C /* main.m in Sources */ = {isa = PBXBuildFile; fileRef = A50ED5301AB596DB00E8973C /* main.m */; };
		A50ED5341AB596DB00E8973C /* AppDelegate.m in Sources */ = {isa = PBXBuildFile; fileRef = A50ED5331AB596DB00E8973C /* AppDelegate.m */; };
		A50ED5371AB596DB00E8973C /* ViewController.m in Sources */ = {isa = PBXBuildFile; fileRef = A50ED5361AB596DB00E8973C /* ViewController.m */; };
		A50ED53A1AB596DB00E8973C /* Main.storyboard in Resources */ = {isa = PBXBuildFile; fileRef = A50ED5381AB596DB00E8973C /* Main.storyboard */; };
		A50ED53C1AB596DB00E8973C /* Images.xcassets in Resources */ = {isa = PBXBuildFile; fileRef = A50ED53B1AB596DB00E8973C /* Images.xcassets */; };
		A50ED53F1AB596DB00E8973C /* LaunchScreen.xib in Resources */ = {isa = PBXBuildFile; fileRef = A50ED53D1AB596DB00E8973C /* LaunchScreen.xib */; };
		A50ED5561AB596F900E8973C /* MySwiftClass.swift in Sources */ = {isa = PBXBuildFile; fileRef = A50ED5551AB596F900E8973C /* MySwiftClass.swift */; };
		A50ED55F1AB59AD700E8973C /* MyOBJCClass.m in Sources */ = {isa = PBXBuildFile; fileRef = A50ED55E1AB59AD700E8973C /* MyOBJCClass.m */; };
		A50ED5611AB59DA000E8973C /* TestOBJC.m in Sources */ = {isa = PBXBuildFile; fileRef = A50ED5601AB59DA000E8973C /* TestOBJC.m */; };
		A50ED5641AB5A1A900E8973C /* TestSwift.swift in Sources */ = {isa = PBXBuildFile; fileRef = A50ED5631AB5A1A900E8973C /* TestSwift.swift */; };
		A50ED5681AB5A49F00E8973C /* MySwiftClass.swift in Sources */ = {isa = PBXBuildFile; fileRef = A50ED5551AB596F900E8973C /* MySwiftClass.swift */; };
		A50ED5691AB5A4BA00E8973C /* MyOBJCClass.m in Sources */ = {isa = PBXBuildFile; fileRef = A50ED55E1AB59AD700E8973C /* MyOBJCClass.m */; };
/* End PBXBuildFile section */

/* Begin PBXContainerItemProxy section */
		A50ED5451AB596DB00E8973C /* PBXContainerItemProxy */ = {
			isa = PBXContainerItemProxy;
			containerPortal = A50ED5231AB596DB00E8973C /* Project object */;
			proxyType = 1;
			remoteGlobalIDString = A50ED52A1AB596DB00E8973C;
			remoteInfo = TestSwift;
		};
/* End PBXContainerItemProxy section */

/* Begin PBXFileReference section */
		A50ED52B1AB596DB00E8973C /* TestSwift.app */ = {isa = PBXFileReference; explicitFileType = wrapper.application; includeInIndex = 0; path = TestSwift.app; sourceTree = BUILT_PRODUCTS_DIR; };
		A50ED52F1AB596DB00E8973C /* Info.plist */ = {isa = PBXFileReference; lastKnownFileType = text.plist.xml; path = Info.plist; sourceTree = "<group>"; };
		A50ED5301AB596DB00E8973C /* main.m */ = {isa = PBXFileReference; lastKnownFileType = sourcecode.c.objc; path = main.m; sourceTree = "<group>"; };
		A50ED5321AB596DB00E8973C /* AppDelegate.h */ = {isa = PBXFileReference; lastKnownFileType = sourcecode.c.h; path = AppDelegate.h; sourceTree = "<group>"; };
		A50ED5331AB596DB00E8973C /* AppDelegate.m */ = {isa = PBXFileReference; lastKnownFileType = sourcecode.c.objc; path = AppDelegate.m; sourceTree = "<group>"; };
		A50ED5351AB596DB00E8973C /* ViewController.h */ = {isa = PBXFileReference; lastKnownFileType = sourcecode.c.h; path = ViewController.h; sourceTree = "<group>"; };
		A50ED5361AB596DB00E8973C /* ViewController.m */ = {isa = PBXFileReference; lastKnownFileType = sourcecode.c.objc; path = ViewController.m; sourceTree = "<group>"; };
		A50ED5391AB596DB00E8973C /* Base */ = {isa = PBXFileReference; lastKnownFileType = file.storyboard; name = Base; path = Base.lproj/Main.storyboard; sourceTree = "<group>"; };
		A50ED53B1AB596DB00E8973C /* Images.xcassets */ = {isa = PBXFileReference; lastKnownFileType = folder.assetcatalog; path = Images.xcassets; sourceTree = "<group>"; };
		A50ED53E1AB596DB00E8973C /* Base */ = {isa = PBXFileReference; lastKnownFileType = file.xib; name = Base; path = Base.lproj/LaunchScreen.xib; sourceTree = "<group>"; };
		A50ED5441AB596DB00E8973C /* TestSwiftTests.xctest */ = {isa = PBXFileReference; explicitFileType = wrapper.cfbundle; includeInIndex = 0; path = TestSwiftTests.xctest; sourceTree = BUILT_PRODUCTS_DIR; };
		A50ED5491AB596DB00E8973C /* Info.plist */ = {isa = PBXFileReference; lastKnownFileType = text.plist.xml; path = Info.plist; sourceTree = "<group>"; };
		A50ED5541AB596F800E8973C /* TestSwift-Bridging-Header.h */ = {isa = PBXFileReference; lastKnownFileType = sourcecode.c.h; path = "TestSwift-Bridging-Header.h"; sourceTree = "<group>"; };
		A50ED5551AB596F900E8973C /* MySwiftClass.swift */ = {isa = PBXFileReference; fileEncoding = 4; lastKnownFileType = sourcecode.swift; path = MySwiftClass.swift; sourceTree = "<group>"; };
		A50ED55D1AB59AD700E8973C /* MyOBJCClass.h */ = {isa = PBXFileReference; fileEncoding = 4; lastKnownFileType = sourcecode.c.h; path = MyOBJCClass.h; sourceTree = "<group>"; };
		A50ED55E1AB59AD700E8973C /* MyOBJCClass.m */ = {isa = PBXFileReference; fileEncoding = 4; lastKnownFileType = sourcecode.c.objc; path = MyOBJCClass.m; sourceTree = "<group>"; };
		A50ED5601AB59DA000E8973C /* TestOBJC.m */ = {isa = PBXFileReference; fileEncoding = 4; lastKnownFileType = sourcecode.c.objc; path = TestOBJC.m; sourceTree = "<group>"; };
		A50ED5621AB5A1A800E8973C /* TestSwiftTests-Bridging-Header.h */ = {isa = PBXFileReference; lastKnownFileType = sourcecode.c.h; path = "TestSwiftTests-Bridging-Header.h"; sourceTree = "<group>"; };
		A50ED5631AB5A1A900E8973C /* TestSwift.swift */ = {isa = PBXFileReference; fileEncoding = 4; lastKnownFileType = sourcecode.swift; path = TestSwift.swift; sourceTree = "<group>"; };
		A50ED56A1AB5A6C000E8973C /* Prefix_Header.pch */ = {isa = PBXFileReference; fileEncoding = 4; lastKnownFileType = sourcecode.c.h; path = Prefix_Header.pch; sourceTree = "<group>"; };
		A50ED56B1AB5A76B00E8973C /* Prefix_Header.pch */ = {isa = PBXFileReference; fileEncoding = 4; lastKnownFileType = sourcecode.c.h; path = Prefix_Header.pch; sourceTree = "<group>"; };
/* End PBXFileReference section */

/* Begin PBXFrameworksBuildPhase section */
		A50ED5281AB596DB00E8973C /* Frameworks */ = {
			isa = PBXFrameworksBuildPhase;
			buildActionMask = 2147483647;
			files = (
			);
			runOnlyForDeploymentPostprocessing = 0;
		};
		A50ED5411AB596DB00E8973C /* Frameworks */ = {
			isa = PBXFrameworksBuildPhase;
			buildActionMask = 2147483647;
			files = (
			);
			runOnlyForDeploymentPostprocessing = 0;
		};
/* End PBXFrameworksBuildPhase section */

/* Begin PBXGroup section */
		A50ED5221AB596DB00E8973C = {
			isa = PBXGroup;
			children = (
				A50ED52D1AB596DB00E8973C /* TestSwift */,
				A50ED5471AB596DB00E8973C /* TestSwiftTests */,
				A50ED52C1AB596DB00E8973C /* Products */,
			);
			sourceTree = "<group>";
		};
		A50ED52C1AB596DB00E8973C /* Products */ = {
			isa = PBXGroup;
			children = (
				A50ED52B1AB596DB00E8973C /* TestSwift.app */,
				A50ED5441AB596DB00E8973C /* TestSwiftTests.xctest */,
			);
			name = Products;
			sourceTree = "<group>";
		};
		A50ED52D1AB596DB00E8973C /* TestSwift */ = {
			isa = PBXGroup;
			children = (
				A50ED56A1AB5A6C000E8973C /* Prefix_Header.pch */,
				A50ED5541AB596F800E8973C /* TestSwift-Bridging-Header.h */,
				A50ED56C1AB5A87800E8973C /* AppDelegate */,
				A50ED56D1AB5A88500E8973C /* VC */,
				A50ED56E1AB5A8A400E8973C /* Classes */,
				A50ED5381AB596DB00E8973C /* Main.storyboard */,
				A50ED53B1AB596DB00E8973C /* Images.xcassets */,
				A50ED53D1AB596DB00E8973C /* LaunchScreen.xib */,
				A50ED52E1AB596DB00E8973C /* Supporting Files */,
			);
			path = TestSwift;
			sourceTree = "<group>";
		};
		A50ED52E1AB596DB00E8973C /* Supporting Files */ = {
			isa = PBXGroup;
			children = (
				A50ED52F1AB596DB00E8973C /* Info.plist */,
				A50ED5301AB596DB00E8973C /* main.m */,
			);
			name = "Supporting Files";
			sourceTree = "<group>";
		};
		A50ED5471AB596DB00E8973C /* TestSwiftTests */ = {
			isa = PBXGroup;
			children = (
				A50ED56B1AB5A76B00E8973C /* Prefix_Header.pch */,
				A50ED5621AB5A1A800E8973C /* TestSwiftTests-Bridging-Header.h */,
				A50ED5601AB59DA000E8973C /* TestOBJC.m */,
				A50ED5631AB5A1A900E8973C /* TestSwift.swift */,
				A50ED5481AB596DB00E8973C /* Supporting Files */,
			);
			path = TestSwiftTests;
			sourceTree = "<group>";
		};
		A50ED5481AB596DB00E8973C /* Supporting Files */ = {
			isa = PBXGroup;
			children = (
				A50ED5491AB596DB00E8973C /* Info.plist */,
			);
			name = "Supporting Files";
			sourceTree = "<group>";
		};
		A50ED56C1AB5A87800E8973C /* AppDelegate */ = {
			isa = PBXGroup;
			children = (
				A50ED5321AB596DB00E8973C /* AppDelegate.h */,
				A50ED5331AB596DB00E8973C /* AppDelegate.m */,
			);
			name = AppDelegate;
			sourceTree = "<group>";
		};
		A50ED56D1AB5A88500E8973C /* VC */ = {
			isa = PBXGroup;
			children = (
				A50ED5351AB596DB00E8973C /* ViewController.h */,
				A50ED5361AB596DB00E8973C /* ViewController.m */,
			);
			name = VC;
			sourceTree = "<group>";
		};
		A50ED56E1AB5A8A400E8973C /* Classes */ = {
			isa = PBXGroup;
			children = (
				A50ED5551AB596F900E8973C /* MySwiftClass.swift */,
				A50ED55D1AB59AD700E8973C /* MyOBJCClass.h */,
				A50ED55E1AB59AD700E8973C /* MyOBJCClass.m */,
			);
			name = Classes;
			sourceTree = "<group>";
		};
/* End PBXGroup section */

/* Begin PBXNativeTarget section */
		A50ED52A1AB596DB00E8973C /* TestSwift */ = {
			isa = PBXNativeTarget;
			buildConfigurationList = A50ED54E1AB596DC00E8973C /* Build configuration list for PBXNativeTarget "TestSwift" */;
			buildPhases = (
				A50ED5271AB596DB00E8973C /* Sources */,
				A50ED5281AB596DB00E8973C /* Frameworks */,
				A50ED5291AB596DB00E8973C /* Resources */,
			);
			buildRules = (
			);
			dependencies = (
			);
			name = TestSwift;
			productName = TestSwift;
			productReference = A50ED52B1AB596DB00E8973C /* TestSwift.app */;
			productType = "com.apple.product-type.application";
		};
		A50ED5431AB596DB00E8973C /* TestSwiftTests */ = {
			isa = PBXNativeTarget;
			buildConfigurationList = A50ED5511AB596DC00E8973C /* Build configuration list for PBXNativeTarget "TestSwiftTests" */;
			buildPhases = (
				A50ED5401AB596DB00E8973C /* Sources */,
				A50ED5411AB596DB00E8973C /* Frameworks */,
				A50ED5421AB596DB00E8973C /* Resources */,
			);
			buildRules = (
			);
			dependencies = (
				A50ED5461AB596DB00E8973C /* PBXTargetDependency */,
			);
			name = TestSwiftTests;
			productName = TestSwiftTests;
			productReference = A50ED5441AB596DB00E8973C /* TestSwiftTests.xctest */;
			productType = "com.apple.product-type.bundle.unit-test";
		};
/* End PBXNativeTarget section */

/* Begin PBXProject section */
		A50ED5231AB596DB00E8973C /* Project object */ = {
			isa = PBXProject;
			attributes = {
				LastUpgradeCheck = 0620;
				ORGANIZATIONNAME = "Sergey Yefanov";
				TargetAttributes = {
					A50ED52A1AB596DB00E8973C = {
						CreatedOnToolsVersion = 6.2;
					};
					A50ED5431AB596DB00E8973C = {
						CreatedOnToolsVersion = 6.2;
						TestTargetID = A50ED52A1AB596DB00E8973C;
					};
				};
			};
			buildConfigurationList = A50ED5261AB596DB00E8973C /* Build configuration list for PBXProject "TestSwift" */;
			compatibilityVersion = "Xcode 3.2";
			developmentRegion = English;
			hasScannedForEncodings = 0;
			knownRegions = (
				en,
				Base,
			);
			mainGroup = A50ED5221AB596DB00E8973C;
			productRefGroup = A50ED52C1AB596DB00E8973C /* Products */;
			projectDirPath = "";
			projectRoot = "";
			targets = (
				A50ED52A1AB596DB00E8973C /* TestSwift */,
				A50ED5431AB596DB00E8973C /* TestSwiftTests */,
			);
		};
/* End PBXProject section */

/* Begin PBXResourcesBuildPhase section */
		A50ED5291AB596DB00E8973C /* Resources */ = {
			isa = PBXResourcesBuildPhase;
			buildActionMask = 2147483647;
			files = (
				A50ED53A1AB596DB00E8973C /* Main.storyboard in Resources */,
				A50ED53F1AB596DB00E8973C /* LaunchScreen.xib in Resources */,
				A50ED53C1AB596DB00E8973C /* Images.xcassets in Resources */,
			);
			runOnlyForDeploymentPostprocessing = 0;
		};
		A50ED5421AB596DB00E8973C /* Resources */ = {
			isa = PBXResourcesBuildPhase;
			buildActionMask = 2147483647;
			files = (
			);
			runOnlyForDeploymentPostprocessing = 0;
		};
/* End PBXResourcesBuildPhase section */

/* Begin PBXSourcesBuildPhase section */
		A50ED5271AB596DB00E8973C /* Sources */ = {
			isa = PBXSourcesBuildPhase;
			buildActionMask = 2147483647;
			files = (
				A50ED5371AB596DB00E8973C /* ViewController.m in Sources */,
				A50ED55F1AB59AD700E8973C /* MyOBJCClass.m in Sources */,
				A50ED5341AB596DB00E8973C /* AppDelegate.m in Sources */,
				A50ED5561AB596F900E8973C /* MySwiftClass.swift in Sources */,
				A50ED5311AB596DB00E8973C /* main.m in Sources */,
			);
			runOnlyForDeploymentPostprocessing = 0;
		};
		A50ED5401AB596DB00E8973C /* Sources */ = {
			isa = PBXSourcesBuildPhase;
			buildActionMask = 2147483647;
			files = (
				A50ED5611AB59DA000E8973C /* TestOBJC.m in Sources */,
				A50ED5681AB5A49F00E8973C /* MySwiftClass.swift in Sources */,
				A50ED5691AB5A4BA00E8973C /* MyOBJCClass.m in Sources */,
				A50ED5641AB5A1A900E8973C /* TestSwift.swift in Sources */,
			);
			runOnlyForDeploymentPostprocessing = 0;
		};
/* End PBXSourcesBuildPhase section */

/* Begin PBXTargetDependency section */
		A50ED5461AB596DB00E8973C /* PBXTargetDependency */ = {
			isa = PBXTargetDependency;
			target = A50ED52A1AB596DB00E8973C /* TestSwift */;
			targetProxy = A50ED5451AB596DB00E8973C /* PBXContainerItemProxy */;
		};
/* End PBXTargetDependency section */

/* Begin PBXVariantGroup section */
		A50ED5381AB596DB00E8973C /* Main.storyboard */ = {
			isa = PBXVariantGroup;
			children = (
				A50ED5391AB596DB00E8973C /* Base */,
			);
			name = Main.storyboard;
			sourceTree = "<group>";
		};
		A50ED53D1AB596DB00E8973C /* LaunchScreen.xib */ = {
			isa = PBXVariantGroup;
			children = (
				A50ED53E1AB596DB00E8973C /* Base */,
			);
			name = LaunchScreen.xib;
			sourceTree = "<group>";
		};
/* End PBXVariantGroup section */

/* Begin XCBuildConfiguration section */
		A50ED54C1AB596DC00E8973C /* Debug */ = {
			isa = XCBuildConfiguration;
			buildSettings = {
				ALWAYS_SEARCH_USER_PATHS = NO;
				CLANG_CXX_LANGUAGE_STANDARD = "gnu++0x";
				CLANG_CXX_LIBRARY = "libc++";
				CLANG_ENABLE_MODULES = YES;
				CLANG_ENABLE_OBJC_ARC = YES;
				CLANG_WARN_BOOL_CONVERSION = YES;
				CLANG_WARN_CONSTANT_CONVERSION = YES;
				CLANG_WARN_DIRECT_OBJC_ISA_USAGE = YES_ERROR;
				CLANG_WARN_EMPTY_BODY = YES;
				CLANG_WARN_ENUM_CONVERSION = YES;
				CLANG_WARN_INT_CONVERSION = YES;
				CLANG_WARN_OBJC_ROOT_CLASS = YES_ERROR;
				CLANG_WARN_UNREACHABLE_CODE = YES;
				CLANG_WARN__DUPLICATE_METHOD_MATCH = YES;
				"CODE_SIGN_IDENTITY[sdk=iphoneos*]" = "iPhone Developer";
				COPY_PHASE_STRIP = NO;
				ENABLE_STRICT_OBJC_MSGSEND = YES;
				GCC_C_LANGUAGE_STANDARD = gnu99;
				GCC_DYNAMIC_NO_PIC = NO;
				GCC_OPTIMIZATION_LEVEL = 0;
				GCC_PREPROCESSOR_DEFINITIONS = (
					"DEBUG=1",
					"$(inherited)",
				);
				GCC_SYMBOLS_PRIVATE_EXTERN = NO;
				GCC_WARN_64_TO_32_BIT_CONVERSION = YES;
				GCC_WARN_ABOUT_RETURN_TYPE = YES_ERROR;
				GCC_WARN_UNDECLARED_SELECTOR = YES;
				GCC_WARN_UNINITIALIZED_AUTOS = YES_AGGRESSIVE;
				GCC_WARN_UNUSED_FUNCTION = YES;
				GCC_WARN_UNUSED_VARIABLE = YES;
				IPHONEOS_DEPLOYMENT_TARGET = 8.2;
				MTL_ENABLE_DEBUG_INFO = YES;
				ONLY_ACTIVE_ARCH = YES;
				SDKROOT = iphoneos;
				TARGETED_DEVICE_FAMILY = "1,2";
			};
			name = Debug;
		};
		A50ED54D1AB596DC00E8973C /* Release */ = {
			isa = XCBuildConfiguration;
			buildSettings = {
				ALWAYS_SEARCH_USER_PATHS = NO;
				CLANG_CXX_LANGUAGE_STANDARD = "gnu++0x";
				CLANG_CXX_LIBRARY = "libc++";
				CLANG_ENABLE_MODULES = YES;
				CLANG_ENABLE_OBJC_ARC = YES;
				CLANG_WARN_BOOL_CONVERSION = YES;
				CLANG_WARN_CONSTANT_CONVERSION = YES;
				CLANG_WARN_DIRECT_OBJC_ISA_USAGE = YES_ERROR;
				CLANG_WARN_EMPTY_BODY = YES;
				CLANG_WARN_ENUM_CONVERSION = YES;
				CLANG_WARN_INT_CONVERSION = YES;
				CLANG_WARN_OBJC_ROOT_CLASS = YES_ERROR;
				CLANG_WARN_UNREACHABLE_CODE = YES;
				CLANG_WARN__DUPLICATE_METHOD_MATCH = YES;
				"CODE_SIGN_IDENTITY[sdk=iphoneos*]" = "iPhone Developer";
				COPY_PHASE_STRIP = NO;
				ENABLE_NS_ASSERTIONS = NO;
				ENABLE_STRICT_OBJC_MSGSEND = YES;
				GCC_C_LANGUAGE_STANDARD = gnu99;
				GCC_WARN_64_TO_32_BIT_CONVERSION = YES;
				GCC_WARN_ABOUT_RETURN_TYPE = YES_ERROR;
				GCC_WARN_UNDECLARED_SELECTOR = YES;
				GCC_WARN_UNINITIALIZED_AUTOS = YES_AGGRESSIVE;
				GCC_WARN_UNUSED_FUNCTION = YES;
				GCC_WARN_UNUSED_VARIABLE = YES;
				IPHONEOS_DEPLOYMENT_TARGET = 8.2;
				MTL_ENABLE_DEBUG_INFO = NO;
				SDKROOT = iphoneos;
				TARGETED_DEVICE_FAMILY = "1,2";
				VALIDATE_PRODUCT = YES;
			};
			name = Release;
		};
		A50ED54F1AB596DC00E8973C /* Debug */ = {
			isa = XCBuildConfiguration;
			buildSettings = {
				ASSETCATALOG_COMPILER_APPICON_NAME = AppIcon;
				CLANG_ENABLE_MODULES = YES;
				GCC_PREFIX_HEADER = TestSwift/Prefix_Header.pch;
				INFOPLIST_FILE = TestSwift/Info.plist;
				LD_RUNPATH_SEARCH_PATHS = "$(inherited) @executable_path/Frameworks";
				PRODUCT_NAME = TestSwift;
				SWIFT_OBJC_BRIDGING_HEADER = "TestSwift/TestSwift-Bridging-Header.h";
				SWIFT_OPTIMIZATION_LEVEL = "-Onone";
			};
			name = Debug;
		};
		A50ED5501AB596DC00E8973C /* Release */ = {
			isa = XCBuildConfiguration;
			buildSettings = {
				ASSETCATALOG_COMPILER_APPICON_NAME = AppIcon;
				CLANG_ENABLE_MODULES = YES;
				GCC_PREFIX_HEADER = TestSwift/Prefix_Header.pch;
				INFOPLIST_FILE = TestSwift/Info.plist;
				LD_RUNPATH_SEARCH_PATHS = "$(inherited) @executable_path/Frameworks";
				PRODUCT_NAME = TestSwift;
				SWIFT_OBJC_BRIDGING_HEADER = "TestSwift/TestSwift-Bridging-Header.h";
			};
			name = Release;
		};
		A50ED5521AB596DC00E8973C /* Debug */ = {
			isa = XCBuildConfiguration;
			buildSettings = {
				BUNDLE_LOADER = "$(TEST_HOST)";
				CLANG_ENABLE_MODULES = YES;
				FRAMEWORK_SEARCH_PATHS = (
					"$(SDKROOT)/Developer/Library/Frameworks",
					"$(inherited)",
				);
				GCC_PREFIX_HEADER = TestSwiftTests/Prefix_Header.pch;
				GCC_PREPROCESSOR_DEFINITIONS = (
					"DEBUG=1",
					"TEST=1",
				);
				INFOPLIST_FILE = TestSwiftTests/Info.plist;
				LD_RUNPATH_SEARCH_PATHS = "$(inherited) @executable_path/Frameworks @loader_path/Frameworks";
				PRODUCT_NAME = TestSwiftTests;
				SWIFT_OBJC_BRIDGING_HEADER = "TestSwiftTests/TestSwiftTests-Bridging-Header.h";
				SWIFT_OPTIMIZATION_LEVEL = "-Onone";
				TEST_HOST = "$(BUILT_PRODUCTS_DIR)/TestSwift.app/TestSwift";
			};
			name = Debug;
		};
		A50ED5531AB596DC00E8973C /* Release */ = {
			isa = XCBuildConfiguration;
			buildSettings = {
				BUNDLE_LOADER = "$(TEST_HOST)";
				CLANG_ENABLE_MODULES = YES;
				FRAMEWORK_SEARCH_PATHS = (
					"$(SDKROOT)/Developer/Library/Frameworks",
					"$(inherited)",
				);
				GCC_PREFIX_HEADER = TestSwiftTests/Prefix_Header.pch;
				INFOPLIST_FILE = TestSwiftTests/Info.plist;
				LD_RUNPATH_SEARCH_PATHS = "$(inherited) @executable_path/Frameworks @loader_path/Frameworks";
				PRODUCT_NAME = TestSwiftTests;
				SWIFT_OBJC_BRIDGING_HEADER = "TestSwiftTests/TestSwiftTests-Bridging-Header.h";
				TEST_HOST = "$(BUILT_PRODUCTS_DIR)/TestSwift.app/TestSwift";
			};
			name = Release;
		};
/* End XCBuildConfiguration section */

/* Begin XCConfigurationList section */
		A50ED5261AB596DB00E8973C /* Build configuration list for PBXProject "TestSwift" */ = {
			isa = XCConfigurationList;
			buildConfigurations = (
				A50ED54C1AB596DC00E8973C /* Debug */,
				A50ED54D1AB596DC00E8973C /* Release */,
			);
			defaultConfigurationIsVisible = 0;
			defaultConfigurationName = Release;
		};
		A50ED54E1AB596DC00E8973C /* Build configuration list for PBXNativeTarget "TestSwift" */ = {
			isa = XCConfigurationList;
			buildConfigurations = (
				A50ED54F1AB596DC00E8973C /* Debug */,
				A50ED5501AB596DC00E8973C /* Release */,
			);
			defaultConfigurationIsVisible = 0;
		};
		A50ED5511AB596DC00E8973C /* Build configuration list for PBXNativeTarget "TestSwiftTests" */ = {
			isa = XCConfigurationList;
			buildConfigurations = (
				A50ED5521AB596DC00E8973C /* Debug */,
				A50ED5531AB596DC00E8973C /* Release */,
			);
			defaultConfigurationIsVisible = 0;
		};
/* End XCConfigurationList section */
	};
	rootObject = A50ED5231AB596DB00E8973C /* Project object */;
}
